// !$*UTF8*$!
{
	archiveVersion = 1;
	classes = {
	};
	objectVersion = 39;
	objects = {
		014CEA420018CDE011CA2923 = {
			buildSettings = {
				COPY_PHASE_STRIP = NO;
				DEBUGGING_SYMBOLS = YES;
				FRAMEWORK_SEARCH_PATHS = "";
				GCC_DYNAMIC_NO_PIC = NO;
				GCC_ENABLE_FIX_AND_CONTINUE = YES;
				GCC_GENERATE_DEBUGGING_SYMBOLS = YES;
				GCC_OPTIMIZATION_LEVEL = 0;
				HEADER_SEARCH_PATHS = "$(value) ../fire /usr/local/pgsql/include /sw/include /opt/local/include";
				OPTIMIZATION_CFLAGS = "-O0";
				ZERO_LINK = NO;
			};
			isa = PBXBuildStyle;
			name = Development;
		};
		014CEA430018CDE011CA2923 = {
			buildSettings = {
				COPY_PHASE_STRIP = YES;
				GCC_ENABLE_FIX_AND_CONTINUE = NO;
				ZERO_LINK = NO;
			};
			isa = PBXBuildStyle;
			name = Deployment;
		};
//010
//011
//012
//013
//014
//080
//081
//082
//083
//084
		089C1669FE841209C02AAC07 = {
			buildSettings = {
			};
			buildStyles = (
				014CEA420018CDE011CA2923,
				014CEA430018CDE011CA2923,
			);
			hasScannedForEncodings = 1;
			isa = PBXProject;
			mainGroup = 089C166AFE841209C02AAC07;
			projectDirPath = "";
			targets = (
				8D5B49AC048680CD000E48DA,
			);
		};
		089C166AFE841209C02AAC07 = {
			children = (
				08FB77AFFE84173DC02AAC07,
				32C88E010371C26100C91783,
				089C167CFE841241C02AAC07,
				089C1671FE841209C02AAC07,
				19C28FB8FE9D52D311CA2CBB,
			);
			isa = PBXGroup;
			name = FirePluginTemplate;
			refType = 4;
			sourceTree = "<group>";
		};
		089C1671FE841209C02AAC07 = {
			children = (
				1058C7ACFEA557BF11CA2CBB,
				1058C7AEFEA557BF11CA2CBB,
			);
			isa = PBXGroup;
			name = "Frameworks and Libraries";
			refType = 4;
			sourceTree = "<group>";
		};
		089C1672FE841209C02AAC07 = {
			isa = PBXFileReference;
			lastKnownFileType = wrapper.framework;
			name = Foundation.framework;
			path = /System/Library/Frameworks/Foundation.framework;
			refType = 0;
			sourceTree = "<absolute>";
		};
		089C167CFE841241C02AAC07 = {
			children = (
				8D5B49B7048680CD000E48DA,
				089C167DFE841241C02AAC07,
			);
			isa = PBXGroup;
			name = Resources;
			refType = 4;
			sourceTree = "<group>";
		};
		089C167DFE841241C02AAC07 = {
			children = (
				089C167EFE841241C02AAC07,
			);
			isa = PBXVariantGroup;
			name = InfoPlist.strings;
			refType = 4;
			sourceTree = "<group>";
		};
		089C167EFE841241C02AAC07 = {
			fileEncoding = 10;
			isa = PBXFileReference;
			lastKnownFileType = text.plist.strings;
			name = English;
			path = English.lproj/InfoPlist.strings;
			refType = 4;
			sourceTree = "<group>";
		};
		089C167FFE841241C02AAC07 = {
			isa = PBXFileReference;
			lastKnownFileType = wrapper.framework;
			name = AppKit.framework;
			path = /System/Library/Frameworks/AppKit.framework;
			refType = 0;
			sourceTree = "<absolute>";
		};
		08FB77AFFE84173DC02AAC07 = {
			children = (
				F57BFBC0066805CE00DE5BFD,
				F57BFBC1066805CE00DE5BFD,
			);
			isa = PBXGroup;
			name = Classes;
			refType = 4;
			sourceTree = "<group>";
		};
		08FB77B6FE84183AC02AAC07 = {
			fileEncoding = 4;
			isa = PBXFileReference;
			lastKnownFileType = sourcecode.c.objc;
			path = main.m;
			refType = 4;
			sourceTree = "<group>";
		};
//080
//081
//082
//083
//084
//100
//101
//102
//103
//104
		1058C7ACFEA557BF11CA2CBB = {
			children = (
				1058C7ADFEA557BF11CA2CBB,
			);
			isa = PBXGroup;
			name = "Linked Frameworks";
			refType = 4;
			sourceTree = "<group>";
		};
		1058C7ADFEA557BF11CA2CBB = {
			isa = PBXFileReference;
			lastKnownFileType = wrapper.framework;
			name = Cocoa.framework;
			path = /System/Library/Frameworks/Cocoa.framework;
			refType = 0;
			sourceTree = "<absolute>";
		};
		1058C7AEFEA557BF11CA2CBB = {
			children = (
				089C1672FE841209C02AAC07,
				089C167FFE841241C02AAC07,
			);
			isa = PBXGroup;
			name = "Other Frameworks";
			refType = 4;
			sourceTree = "<group>";
		};
//100
//101
//102
//103
//104
//190
//191
//192
//193
//194
		19C28FB8FE9D52D311CA2CBB = {
			children = (
				8D5B49B6048680CD000E48DA,
			);
			isa = PBXGroup;
			name = Products;
			refType = 4;
			sourceTree = "<group>";
		};
//190
//191
//192
//193
//194
//320
//321
//322
//323
//324
		32C88E010371C26100C91783 = {
			children = (
				08FB77B6FE84183AC02AAC07,
				B7E7431D0677D2CD006EBB37,
				B7E7431E0677D2CD006EBB37,
			);
			isa = PBXGroup;
			name = "Other Sources";
			refType = 4;
			sourceTree = "<group>";
		};
//320
//321
//322
//323
//324
//8D0
//8D1
//8D2
//8D3
//8D4
		8D5B49AC048680CD000E48DA = {
			buildPhases = (
				8D5B49AD048680CD000E48DA,
				8D5B49AF048680CD000E48DA,
				8D5B49B1048680CD000E48DA,
				8D5B49B3048680CD000E48DA,
				8D5B49B5048680CD000E48DA,
			);
			buildRules = (
			);
			buildSettings = {
				FRAMEWORK_SEARCH_PATHS = "";
				GCC_ENABLE_TRIGRAPHS = NO;
				GCC_GENERATE_DEBUGGING_SYMBOLS = NO;
				GCC_PRECOMPILE_PREFIX_HEADER = YES;
				GCC_PREFIX_HEADER = FireSQLLogger_Prefix.pch;
				GCC_WARN_FOUR_CHARACTER_CONSTANTS = NO;
				GCC_WARN_UNKNOWN_PRAGMAS = NO;
				HEADER_SEARCH_PATHS = "$(value) /Users/jmelloy/src/fire_15 /usr/local/pgsql/include";
				INFOPLIST_FILE = Info.plist;
				INSTALL_PATH = "$(HOME)/Library/Bundles";
				LIBRARY_SEARCH_PATHS = "/usr/local/pgsql/lib /sw/lib /opt/local/lib /Users/jmelloy/svn/projects/sqllogger/fire/src/FireSQLLogger";
				LIBRARY_STYLE = BUNDLE;
				OTHER_CFLAGS = "";
				OTHER_LDFLAGS = "-bundle -undefined suppress -flat_namespace";
				OTHER_REZFLAGS = "";
				PRODUCT_NAME = FireSQLLogger;
				SECTORDER_FLAGS = "";
				WARNING_CFLAGS = "-Wmost -Wno-four-char-constants -Wno-unknown-pragmas";
				WRAPPER_EXTENSION = FirePlugin;
			};
			dependencies = (
			);
			isa = PBXNativeTarget;
			name = FireSQLLogger;
			productInstallPath = "$(HOME)/Library/Bundles";
			productName = FirePluginTemplate;
			productReference = 8D5B49B6048680CD000E48DA;
			productType = "com.apple.product-type.bundle";
		};
		8D5B49AD048680CD000E48DA = {
			buildActionMask = 2147483647;
			files = (
				F57BFBC2066805CE00DE5BFD,
			);
			isa = PBXHeadersBuildPhase;
			runOnlyForDeploymentPostprocessing = 0;
		};
		8D5B49AF048680CD000E48DA = {
			buildActionMask = 2147483647;
			files = (
				8D5B49B0048680CD000E48DA,
			);
			isa = PBXResourcesBuildPhase;
			runOnlyForDeploymentPostprocessing = 0;
		};
		8D5B49B0048680CD000E48DA = {
			fileRef = 089C167DFE841241C02AAC07;
			isa = PBXBuildFile;
			settings = {
			};
		};
		8D5B49B1048680CD000E48DA = {
			buildActionMask = 2147483647;
			files = (
				8D5B49B2048680CD000E48DA,
				F57BFBC3066805CE00DE5BFD,
			);
			isa = PBXSourcesBuildPhase;
			runOnlyForDeploymentPostprocessing = 0;
		};
		8D5B49B2048680CD000E48DA = {
			fileRef = 08FB77B6FE84183AC02AAC07;
			isa = PBXBuildFile;
			settings = {
				ATTRIBUTES = (
				);
			};
		};
		8D5B49B3048680CD000E48DA = {
			buildActionMask = 2147483647;
			files = (
				8D5B49B4048680CD000E48DA,
				B7E7431F0677D2CD006EBB37,
				B7E743200677D2CD006EBB37,
			);
			isa = PBXFrameworksBuildPhase;
			runOnlyForDeploymentPostprocessing = 0;
		};
		8D5B49B4048680CD000E48DA = {
			fileRef = 1058C7ADFEA557BF11CA2CBB;
			isa = PBXBuildFile;
			settings = {
			};
		};
		8D5B49B5048680CD000E48DA = {
			buildActionMask = 2147483647;
			files = (
			);
			isa = PBXRezBuildPhase;
			runOnlyForDeploymentPostprocessing = 0;
		};
		8D5B49B6048680CD000E48DA = {
			explicitFileType = wrapper.cfbundle;
			includeInIndex = 0;
			isa = PBXFileReference;
			path = FireSQLLogger.FirePlugin;
			refType = 3;
			sourceTree = BUILT_PRODUCTS_DIR;
		};
		8D5B49B7048680CD000E48DA = {
			fileEncoding = 4;
			isa = PBXFileReference;
			lastKnownFileType = text.xml;
			path = Info.plist;
			refType = 4;
			sourceTree = "<group>";
		};
//8D0
//8D1
//8D2
//8D3
//8D4
//B70
//B71
//B72
//B73
//B74
		B7E7431D0677D2CD006EBB37 = {
			isa = PBXFileReference;
			lastKnownFileType = archive.ar;
			path = libpq.a;
			refType = 4;
			sourceTree = "<group>";
		};
		B7E7431E0677D2CD006EBB37 = {
			isa = PBXFileReference;
			lastKnownFileType = archive.ar;
			path = libpgtypes.a;
			refType = 4;
			sourceTree = "<group>";
		};
		B7E7431F0677D2CD006EBB37 = {
			fileRef = B7E7431D0677D2CD006EBB37;
			isa = PBXBuildFile;
			settings = {
			};
		};
		B7E743200677D2CD006EBB37 = {
			fileRef = B7E7431E0677D2CD006EBB37;
			isa = PBXBuildFile;
			settings = {
			};
		};
//B70
//B71
//B72
//B73
//B74
//F50
//F51
//F52
//F53
//F54
		F57BFBC0066805CE00DE5BFD = {
			fileEncoding = 30;
			isa = PBXFileReference;
			lastKnownFileType = sourcecode.c.h;
			path = FireSQLLogger.h;
			refType = 4;
			sourceTree = "<group>";
		};
		F57BFBC1066805CE00DE5BFD = {
			fileEncoding = 30;
			isa = PBXFileReference;
			lastKnownFileType = sourcecode.c.objc;
			path = FireSQLLogger.m;
			refType = 4;
			sourceTree = "<group>";
		};
		F57BFBC2066805CE00DE5BFD = {
			fileRef = F57BFBC0066805CE00DE5BFD;
			isa = PBXBuildFile;
			settings = {
			};
		};
		F57BFBC3066805CE00DE5BFD = {
			fileRef = F57BFBC1066805CE00DE5BFD;
			isa = PBXBuildFile;
			settings = {
			};
		};
	};
	rootObject = 089C1669FE841209C02AAC07;
}
